
Microsoft Visual Studio Solution File, Format Version 12.00
# Visual Studio Version 16
VisualStudioVersion = 16.0.32002.261
MinimumVisualStudioVersion = 10.0.40219.1
Project("{8BC9CEB8-8B4A-11D0-8D11-00A0C91BC942}") = "DataStructures", "Data Structures.vcxproj", "{FA515F67-C239-4248-98EE-16B9D47F3FB9}"
EndProject
Project("{8BC9CEB8-8B4A-11D0-8D11-00A0C91BC942}") = "DataStructuresTest", "..\DataStructuresTest\DataStructuresTest.vcxproj", "{22453B17-E55B-47F8-B46A-F39E2E2FD7B8}"
EndProject
Global
	GlobalSection(SolutionConfigurationPlatforms) = preSolution
		Debug|x64 = Debug|x64
		Debug|x86 = Debug|x86
		Release|x64 = Release|x64
		Release|x86 = Release|x86
	EndGlobalSection
	GlobalSection(ProjectConfigurationPlatforms) = postSolution
		{FA515F67-C239-4248-98EE-16B9D47F3FB9}.Debug|x64.ActiveCfg = Debug|x64
		{FA515F67-C239-4248-98EE-16B9D47F3FB9}.Debug|x64.Build.0 = Debug|x64
		{FA515F67-C239-4248-98EE-16B9D47F3FB9}.Debug|x86.ActiveCfg = Debug|Win32
		{FA515F67-C239-4248-98EE-16B9D47F3FB9}.Debug|x86.Build.0 = Debug|Win32
		{FA515F67-C239-4248-98EE-16B9D47F3FB9}.Release|x64.ActiveCfg = Release|x64
		{FA515F67-C239-4248-98EE-16B9D47F3FB9}.Release|x64.Build.0 = Release|x64
		{FA515F67-C239-4248-98EE-16B9D47F3FB9}.Release|x86.ActiveCfg = Release|Win32
		{FA515F67-C239-4248-98EE-16B9D47F3FB9}.Release|x86.Build.0 = Release|Win32
		{22453B17-E55B-47F8-B46A-F39E2E2FD7B8}.Debug|x64.ActiveCfg = Debug|x64
		{22453B17-E55B-47F8-B46A-F39E2E2FD7B8}.Debug|x64.Build.0 = Debug|x64
		{22453B17-E55B-47F8-B46A-F39E2E2FD7B8}.Debug|x86.ActiveCfg = Debug|Win32
		{22453B17-E55B-47F8-B46A-F39E2E2FD7B8}.Debug|x86.Build.0 = Debug|Win32
		{22453B17-E55B-47F8-B46A-F39E2E2FD7B8}.Release|x64.ActiveCfg = Release|x64
		{22453B17-E55B-47F8-B46A-F39E2E2FD7B8}.Release|x64.Build.0 = Release|x64
		{22453B17-E55B-47F8-B46A-F39E2E2FD7B8}.Release|x86.ActiveCfg = Release|Win32
		{22453B17-E55B-47F8-B46A-F39E2E2FD7B8}.Release|x86.Build.0 = Release|Win32
	EndGlobalSection
	GlobalSection(SolutionProperties) = preSolution
		HideSolutionNode = FALSE
	EndGlobalSection
	GlobalSection(ExtensibilityGlobals) = postSolution
		SolutionGuid = {083A6DD7-C495-4DCB-98ED-42B0F2266AD0}
	EndGlobalSection
EndGlobal
